// !$*UTF8*$!
{
	archiveVersion = 1;
	classes = {
	};
	objectVersion = 50;
	objects = {

/* Begin PBXBuildFile section */
		993145FF25FE152E00A44BDA /* AppDelegate.swift in Sources */ = {isa = PBXBuildFile; fileRef = 993145FE25FE152E00A44BDA /* AppDelegate.swift */; };
		9931460125FE152E00A44BDA /* SceneDelegate.swift in Sources */ = {isa = PBXBuildFile; fileRef = 9931460025FE152E00A44BDA /* SceneDelegate.swift */; };
		9931460325FE152E00A44BDA /* ViewController.swift in Sources */ = {isa = PBXBuildFile; fileRef = 9931460225FE152E00A44BDA /* ViewController.swift */; };
		9931460625FE152E00A44BDA /* Main.storyboard in Resources */ = {isa = PBXBuildFile; fileRef = 9931460425FE152E00A44BDA /* Main.storyboard */; };
		9931460825FE152F00A44BDA /* Assets.xcassets in Resources */ = {isa = PBXBuildFile; fileRef = 9931460725FE152F00A44BDA /* Assets.xcassets */; };
		9931460B25FE152F00A44BDA /* LaunchScreen.storyboard in Resources */ = {isa = PBXBuildFile; fileRef = 9931460925FE152F00A44BDA /* LaunchScreen.storyboard */; };
		9931461625FE152F00A44BDA /* GitTestTests.swift in Sources */ = {isa = PBXBuildFile; fileRef = 9931461525FE152F00A44BDA /* GitTestTests.swift */; };
		9931462125FE152F00A44BDA /* GitTestUITests.swift in Sources */ = {isa = PBXBuildFile; fileRef = 9931462025FE152F00A44BDA /* GitTestUITests.swift */; };
/* End PBXBuildFile section */

/* Begin PBXContainerItemProxy section */
		9931461225FE152F00A44BDA /* PBXContainerItemProxy */ = {
			isa = PBXContainerItemProxy;
			containerPortal = 993145F325FE152E00A44BDA /* Project object */;
			proxyType = 1;
			remoteGlobalIDString = 993145FA25FE152E00A44BDA;
			remoteInfo = GitTest;
		};
		9931461D25FE152F00A44BDA /* PBXContainerItemProxy */ = {
			isa = PBXContainerItemProxy;
			containerPortal = 993145F325FE152E00A44BDA /* Project object */;
			proxyType = 1;
			remoteGlobalIDString = 993145FA25FE152E00A44BDA;
			remoteInfo = GitTest;
		};
/* End PBXContainerItemProxy section */

/* Begin PBXFileReference section */
		993145FB25FE152E00A44BDA /* GitTest.app */ = {isa = PBXFileReference; explicitFileType = wrapper.application; includeInIndex = 0; path = GitTest.app; sourceTree = BUILT_PRODUCTS_DIR; };
		993145FE25FE152E00A44BDA /* AppDelegate.swift */ = {isa = PBXFileReference; lastKnownFileType = sourcecode.swift; path = AppDelegate.swift; sourceTree = "<group>"; };
		9931460025FE152E00A44BDA /* SceneDelegate.swift */ = {isa = PBXFileReference; lastKnownFileType = sourcecode.swift; path = SceneDelegate.swift; sourceTree = "<group>"; };
		9931460225FE152E00A44BDA /* ViewController.swift */ = {isa = PBXFileReference; lastKnownFileType = sourcecode.swift; path = ViewController.swift; sourceTree = "<group>"; };
		9931460525FE152E00A44BDA /* Base */ = {isa = PBXFileReference; lastKnownFileType = file.storyboard; name = Base; path = Base.lproj/Main.storyboard; sourceTree = "<group>"; };
		9931460725FE152F00A44BDA /* Assets.xcassets */ = {isa = PBXFileReference; lastKnownFileType = folder.assetcatalog; path = Assets.xcassets; sourceTree = "<group>"; };
		9931460A25FE152F00A44BDA /* Base */ = {isa = PBXFileReference; lastKnownFileType = file.storyboard; name = Base; path = Base.lproj/LaunchScreen.storyboard; sourceTree = "<group>"; };
		9931460C25FE152F00A44BDA /* Info.plist */ = {isa = PBXFileReference; lastKnownFileType = text.plist.xml; path = Info.plist; sourceTree = "<group>"; };
		9931461125FE152F00A44BDA /* GitTestTests.xctest */ = {isa = PBXFileReference; explicitFileType = wrapper.cfbundle; includeInIndex = 0; path = GitTestTests.xctest; sourceTree = BUILT_PRODUCTS_DIR; };
		9931461525FE152F00A44BDA /* GitTestTests.swift */ = {isa = PBXFileReference; lastKnownFileType = sourcecode.swift; path = GitTestTests.swift; sourceTree = "<group>"; };
		9931461725FE152F00A44BDA /* Info.plist */ = {isa = PBXFileReference; lastKnownFileType = text.plist.xml; path = Info.plist; sourceTree = "<group>"; };
		9931461C25FE152F00A44BDA /* GitTestUITests.xctest */ = {isa = PBXFileReference; explicitFileType = wrapper.cfbundle; includeInIndex = 0; path = GitTestUITests.xctest; sourceTree = BUILT_PRODUCTS_DIR; };
		9931462025FE152F00A44BDA /* GitTestUITests.swift */ = {isa = PBXFileReference; lastKnownFileType = sourcecode.swift; path = GitTestUITests.swift; sourceTree = "<group>"; };
		9931462225FE152F00A44BDA /* Info.plist */ = {isa = PBXFileReference; lastKnownFileType = text.plist.xml; path = Info.plist; sourceTree = "<group>"; };
/* End PBXFileReference section */

/* Begin PBXFrameworksBuildPhase section */
		993145F825FE152E00A44BDA /* Frameworks */ = {
			isa = PBXFrameworksBuildPhase;
			buildActionMask = 2147483647;
			files = (
			);
			runOnlyForDeploymentPostprocessing = 0;
		};
		9931460E25FE152F00A44BDA /* Frameworks */ = {
			isa = PBXFrameworksBuildPhase;
			buildActionMask = 2147483647;
			files = (
			);
			runOnlyForDeploymentPostprocessing = 0;
		};
		9931461925FE152F00A44BDA /* Frameworks */ = {
			isa = PBXFrameworksBuildPhase;
			buildActionMask = 2147483647;
			files = (
			);
			runOnlyForDeploymentPostprocessing = 0;
		};
/* End PBXFrameworksBuildPhase section */

/* Begin PBXGroup section */
		993145F225FE152E00A44BDA = {
			isa = PBXGroup;
			children = (
				993145FD25FE152E00A44BDA /* GitTest */,
				9931461425FE152F00A44BDA /* GitTestTests */,
				9931461F25FE152F00A44BDA /* GitTestUITests */,
				993145FC25FE152E00A44BDA /* Products */,
			);
			sourceTree = "<group>";
		};
		993145FC25FE152E00A44BDA /* Products */ = {
			isa = PBXGroup;
			children = (
				993145FB25FE152E00A44BDA /* GitTest.app */,
				9931461125FE152F00A44BDA /* GitTestTests.xctest */,
				9931461C25FE152F00A44BDA /* GitTestUITests.xctest */,
			);
			name = Products;
			sourceTree = "<group>";
		};
		993145FD25FE152E00A44BDA /* GitTest */ = {
			isa = PBXGroup;
			children = (
				993145FE25FE152E00A44BDA /* AppDelegate.swift */,
				9931460025FE152E00A44BDA /* SceneDelegate.swift */,
				9931460225FE152E00A44BDA /* ViewController.swift */,
				9931460425FE152E00A44BDA /* Main.storyboard */,
				9931460725FE152F00A44BDA /* Assets.xcassets */,
				9931460925FE152F00A44BDA /* LaunchScreen.storyboard */,
				9931460C25FE152F00A44BDA /* Info.plist */,
			);
			path = GitTest;
			sourceTree = "<group>";
		};
		9931461425FE152F00A44BDA /* GitTestTests */ = {
			isa = PBXGroup;
			children = (
				9931461525FE152F00A44BDA /* GitTestTests.swift */,
				9931461725FE152F00A44BDA /* Info.plist */,
			);
			path = GitTestTests;
			sourceTree = "<group>";
		};
		9931461F25FE152F00A44BDA /* GitTestUITests */ = {
			isa = PBXGroup;
			children = (
				9931462025FE152F00A44BDA /* GitTestUITests.swift */,
				9931462225FE152F00A44BDA /* Info.plist */,
			);
			path = GitTestUITests;
			sourceTree = "<group>";
		};
/* End PBXGroup section */

/* Begin PBXNativeTarget section */
		993145FA25FE152E00A44BDA /* GitTest */ = {
			isa = PBXNativeTarget;
			buildConfigurationList = 9931462525FE152F00A44BDA /* Build configuration list for PBXNativeTarget "GitTest" */;
			buildPhases = (
				993145F725FE152E00A44BDA /* Sources */,
				993145F825FE152E00A44BDA /* Frameworks */,
				993145F925FE152E00A44BDA /* Resources */,
			);
			buildRules = (
			);
			dependencies = (
			);
			name = GitTest;
			productName = GitTest;
			productReference = 993145FB25FE152E00A44BDA /* GitTest.app */;
			productType = "com.apple.product-type.application";
		};
		9931461025FE152F00A44BDA /* GitTestTests */ = {
			isa = PBXNativeTarget;
			buildConfigurationList = 9931462825FE152F00A44BDA /* Build configuration list for PBXNativeTarget "GitTestTests" */;
			buildPhases = (
				9931460D25FE152F00A44BDA /* Sources */,
				9931460E25FE152F00A44BDA /* Frameworks */,
				9931460F25FE152F00A44BDA /* Resources */,
			);
			buildRules = (
			);
			dependencies = (
				9931461325FE152F00A44BDA /* PBXTargetDependency */,
			);
			name = GitTestTests;
			productName = GitTestTests;
			productReference = 9931461125FE152F00A44BDA /* GitTestTests.xctest */;
			productType = "com.apple.product-type.bundle.unit-test";
		};
		9931461B25FE152F00A44BDA /* GitTestUITests */ = {
			isa = PBXNativeTarget;
			buildConfigurationList = 9931462B25FE152F00A44BDA /* Build configuration list for PBXNativeTarget "GitTestUITests" */;
			buildPhases = (
				9931461825FE152F00A44BDA /* Sources */,
				9931461925FE152F00A44BDA /* Frameworks */,
				9931461A25FE152F00A44BDA /* Resources */,
			);
			buildRules = (
			);
			dependencies = (
				9931461E25FE152F00A44BDA /* PBXTargetDependency */,
			);
			name = GitTestUITests;
			productName = GitTestUITests;
			productReference = 9931461C25FE152F00A44BDA /* GitTestUITests.xctest */;
			productType = "com.apple.product-type.bundle.ui-testing";
		};
/* End PBXNativeTarget section */

/* Begin PBXProject section */
		993145F325FE152E00A44BDA /* Project object */ = {
			isa = PBXProject;
			attributes = {
				LastSwiftUpdateCheck = 1240;
				LastUpgradeCheck = 1240;
				TargetAttributes = {
					993145FA25FE152E00A44BDA = {
						CreatedOnToolsVersion = 12.4;
					};
					9931461025FE152F00A44BDA = {
						CreatedOnToolsVersion = 12.4;
						TestTargetID = 993145FA25FE152E00A44BDA;
					};
					9931461B25FE152F00A44BDA = {
						CreatedOnToolsVersion = 12.4;
						TestTargetID = 993145FA25FE152E00A44BDA;
					};
				};
			};
			buildConfigurationList = 993145F625FE152E00A44BDA /* Build configuration list for PBXProject "GitTest" */;
			compatibilityVersion = "Xcode 9.3";
			developmentRegion = en;
			hasScannedForEncodings = 0;
			knownRegions = (
				en,
				Base,
			);
			mainGroup = 993145F225FE152E00A44BDA;
			productRefGroup = 993145FC25FE152E00A44BDA /* Products */;
			projectDirPath = "";
			projectRoot = "";
			targets = (
				993145FA25FE152E00A44BDA /* GitTest */,
				9931461025FE152F00A44BDA /* GitTestTests */,
				9931461B25FE152F00A44BDA /* GitTestUITests */,
			);
		};
/* End PBXProject section */

/* Begin PBXResourcesBuildPhase section */
		993145F925FE152E00A44BDA /* Resources */ = {
			isa = PBXResourcesBuildPhase;
			buildActionMask = 2147483647;
			files = (
				9931460B25FE152F00A44BDA /* LaunchScreen.storyboard in Resources */,
				9931460825FE152F00A44BDA /* Assets.xcassets in Resources */,
				9931460625FE152E00A44BDA /* Main.storyboard in Resources */,
			);
			runOnlyForDeploymentPostprocessing = 0;
		};
		9931460F25FE152F00A44BDA /* Resources */ = {
			isa = PBXResourcesBuildPhase;
			buildActionMask = 2147483647;
			files = (
			);
			runOnlyForDeploymentPostprocessing = 0;
		};
		9931461A25FE152F00A44BDA /* Resources */ = {
			isa = PBXResourcesBuildPhase;
			buildActionMask = 2147483647;
			files = (
			);
			runOnlyForDeploymentPostprocessing = 0;
		};
/* End PBXResourcesBuildPhase section */

/* Begin PBXSourcesBuildPhase section */
		993145F725FE152E00A44BDA /* Sources */ = {
			isa = PBXSourcesBuildPhase;
			buildActionMask = 2147483647;
			files = (
				9931460325FE152E00A44BDA /* ViewController.swift in Sources */,
				993145FF25FE152E00A44BDA /* AppDelegate.swift in Sources */,
				9931460125FE152E00A44BDA /* SceneDelegate.swift in Sources */,
			);
			runOnlyForDeploymentPostprocessing = 0;
		};
		9931460D25FE152F00A44BDA /* Sources */ = {
			isa = PBXSourcesBuildPhase;
			buildActionMask = 2147483647;
			files = (
				9931461625FE152F00A44BDA /* GitTestTests.swift in Sources */,
			);
			runOnlyForDeploymentPostprocessing = 0;
		};
		9931461825FE152F00A44BDA /* Sources */ = {
			isa = PBXSourcesBuildPhase;
			buildActionMask = 2147483647;
			files = (
				9931462125FE152F00A44BDA /* GitTestUITests.swift in Sources */,
			);
			runOnlyForDeploymentPostprocessing = 0;
		};
/* End PBXSourcesBuildPhase section */

/* Begin PBXTargetDependency section */
		9931461325FE152F00A44BDA /* PBXTargetDependency */ = {
			isa = PBXTargetDependency;
			target = 993145FA25FE152E00A44BDA /* GitTest */;
			targetProxy = 9931461225FE152F00A44BDA /* PBXContainerItemProxy */;
		};
		9931461E25FE152F00A44BDA /* PBXTargetDependency */ = {
			isa = PBXTargetDependency;
			target = 993145FA25FE152E00A44BDA /* GitTest */;
			targetProxy = 9931461D25FE152F00A44BDA /* PBXContainerItemProxy */;
		};
/* End PBXTargetDependency section */

/* Begin PBXVariantGroup section */
		9931460425FE152E00A44BDA /* Main.storyboard */ = {
			isa = PBXVariantGroup;
			children = (
				9931460525FE152E00A44BDA /* Base */,
			);
			name = Main.storyboard;
			sourceTree = "<group>";
		};
		9931460925FE152F00A44BDA /* LaunchScreen.storyboard */ = {
			isa = PBXVariantGroup;
			children = (
				9931460A25FE152F00A44BDA /* Base */,
			);
			name = LaunchScreen.storyboard;
			sourceTree = "<group>";
		};
/* End PBXVariantGroup section */

/* Begin XCBuildConfiguration section */
		9931462325FE152F00A44BDA /* Debug */ = {
			isa = XCBuildConfiguration;
			buildSettings = {
				ALWAYS_SEARCH_USER_PATHS = NO;
				CLANG_ANALYZER_NONNULL = YES;
				CLANG_ANALYZER_NUMBER_OBJECT_CONVERSION = YES_AGGRESSIVE;
				CLANG_CXX_LANGUAGE_STANDARD = "gnu++14";
				CLANG_CXX_LIBRARY = "libc++";
				CLANG_ENABLE_MODULES = YES;
				CLANG_ENABLE_OBJC_ARC = YES;
				CLANG_ENABLE_OBJC_WEAK = YES;
				CLANG_WARN_BLOCK_CAPTURE_AUTORELEASING = YES;
				CLANG_WARN_BOOL_CONVERSION = YES;
				CLANG_WARN_COMMA = YES;
				CLANG_WARN_CONSTANT_CONVERSION = YES;
				CLANG_WARN_DEPRECATED_OBJC_IMPLEMENTATIONS = YES;
				CLANG_WARN_DIRECT_OBJC_ISA_USAGE = YES_ERROR;
				CLANG_WARN_DOCUMENTATION_COMMENTS = YES;
				CLANG_WARN_EMPTY_BODY = YES;
				CLANG_WARN_ENUM_CONVERSION = YES;
				CLANG_WARN_INFINITE_RECURSION = YES;
				CLANG_WARN_INT_CONVERSION = YES;
				CLANG_WARN_NON_LITERAL_NULL_CONVERSION = YES;
				CLANG_WARN_OBJC_IMPLICIT_RETAIN_SELF = YES;
				CLANG_WARN_OBJC_LITERAL_CONVERSION = YES;
				CLANG_WARN_OBJC_ROOT_CLASS = YES_ERROR;
				CLANG_WARN_QUOTED_INCLUDE_IN_FRAMEWORK_HEADER = YES;
				CLANG_WARN_RANGE_LOOP_ANALYSIS = YES;
				CLANG_WARN_STRICT_PROTOTYPES = YES;
				CLANG_WARN_SUSPICIOUS_MOVE = YES;
				CLANG_WARN_UNGUARDED_AVAILABILITY = YES_AGGRESSIVE;
				CLANG_WARN_UNREACHABLE_CODE = YES;
				CLANG_WARN__DUPLICATE_METHOD_MATCH = YES;
				COPY_PHASE_STRIP = NO;
				DEBUG_INFORMATION_FORMAT = dwarf;
				ENABLE_STRICT_OBJC_MSGSEND = YES;
				ENABLE_TESTABILITY = YES;
				GCC_C_LANGUAGE_STANDARD = gnu11;
				GCC_DYNAMIC_NO_PIC = NO;
				GCC_NO_COMMON_BLOCKS = YES;
				GCC_OPTIMIZATION_LEVEL = 0;
				GCC_PREPROCESSOR_DEFINITIONS = (
					"DEBUG=1",
					"$(inherited)",
				);
				GCC_WARN_64_TO_32_BIT_CONVERSION = YES;
				GCC_WARN_ABOUT_RETURN_TYPE = YES_ERROR;
				GCC_WARN_UNDECLARED_SELECTOR = YES;
				GCC_WARN_UNINITIALIZED_AUTOS = YES_AGGRESSIVE;
				GCC_WARN_UNUSED_FUNCTION = YES;
				GCC_WARN_UNUSED_VARIABLE = YES;
				IPHONEOS_DEPLOYMENT_TARGET = 14.4;
				MTL_ENABLE_DEBUG_INFO = INCLUDE_SOURCE;
				MTL_FAST_MATH = YES;
				ONLY_ACTIVE_ARCH = YES;
				SDKROOT = iphoneos;
				SWIFT_ACTIVE_COMPILATION_CONDITIONS = DEBUG;
				SWIFT_OPTIMIZATION_LEVEL = "-Onone";
			};
			name = Debug;
		};
		9931462425FE152F00A44BDA /* Release */ = {
			isa = XCBuildConfiguration;
			buildSettings = {
				ALWAYS_SEARCH_USER_PATHS = NO;
				CLANG_ANALYZER_NONNULL = YES;
				CLANG_ANALYZER_NUMBER_OBJECT_CONVERSION = YES_AGGRESSIVE;
				CLANG_CXX_LANGUAGE_STANDARD = "gnu++14";
				CLANG_CXX_LIBRARY = "libc++";
				CLANG_ENABLE_MODULES = YES;
				CLANG_ENABLE_OBJC_ARC = YES;
				CLANG_ENABLE_OBJC_WEAK = YES;
				CLANG_WARN_BLOCK_CAPTURE_AUTORELEASING = YES;
				CLANG_WARN_BOOL_CONVERSION = YES;
				CLANG_WARN_COMMA = YES;
				CLANG_WARN_CONSTANT_CONVERSION = YES;
				CLANG_WARN_DEPRECATED_OBJC_IMPLEMENTATIONS = YES;
				CLANG_WARN_DIRECT_OBJC_ISA_USAGE = YES_ERROR;
				CLANG_WARN_DOCUMENTATION_COMMENTS = YES;
				CLANG_WARN_EMPTY_BODY = YES;
				CLANG_WARN_ENUM_CONVERSION = YES;
				CLANG_WARN_INFINITE_RECURSION = YES;
				CLANG_WARN_INT_CONVERSION = YES;
				CLANG_WARN_NON_LITERAL_NULL_CONVERSION = YES;
				CLANG_WARN_OBJC_IMPLICIT_RETAIN_SELF = YES;
				CLANG_WARN_OBJC_LITERAL_CONVERSION = YES;
				CLANG_WARN_OBJC_ROOT_CLASS = YES_ERROR;
				CLANG_WARN_QUOTED_INCLUDE_IN_FRAMEWORK_HEADER = YES;
				CLANG_WARN_RANGE_LOOP_ANALYSIS = YES;
				CLANG_WARN_STRICT_PROTOTYPES = YES;
				CLANG_WARN_SUSPICIOUS_MOVE = YES;
				CLANG_WARN_UNGUARDED_AVAILABILITY = YES_AGGRESSIVE;
				CLANG_WARN_UNREACHABLE_CODE = YES;
				CLANG_WARN__DUPLICATE_METHOD_MATCH = YES;
				COPY_PHASE_STRIP = NO;
				DEBUG_INFORMATION_FORMAT = "dwarf-with-dsym";
				ENABLE_NS_ASSERTIONS = NO;
				ENABLE_STRICT_OBJC_MSGSEND = YES;
				GCC_C_LANGUAGE_STANDARD = gnu11;
				GCC_NO_COMMON_BLOCKS = YES;
				GCC_WARN_64_TO_32_BIT_CONVERSION = YES;
				GCC_WARN_ABOUT_RETURN_TYPE = YES_ERROR;
				GCC_WARN_UNDECLARED_SELECTOR = YES;
				GCC_WARN_UNINITIALIZED_AUTOS = YES_AGGRESSIVE;
				GCC_WARN_UNUSED_FUNCTION = YES;
				GCC_WARN_UNUSED_VARIABLE = YES;
				IPHONEOS_DEPLOYMENT_TARGET = 14.4;
				MTL_ENABLE_DEBUG_INFO = NO;
				MTL_FAST_MATH = YES;
				SDKROOT = iphoneos;
				SWIFT_COMPILATION_MODE = wholemodule;
				SWIFT_OPTIMIZATION_LEVEL = "-O";
				VALIDATE_PRODUCT = YES;
			};
			name = Release;
		};
		9931462625FE152F00A44BDA /* Debug */ = {
			isa = XCBuildConfiguration;
			buildSettings = {
				ASSETCATALOG_COMPILER_APPICON_NAME = AppIcon;
				ASSETCATALOG_COMPILER_GLOBAL_ACCENT_COLOR_NAME = AccentColor;
				CODE_SIGN_STYLE = Automatic;
				INFOPLIST_FILE = GitTest/Info.plist;
				LD_RUNPATH_SEARCH_PATHS = (
					"$(inherited)",
					"@executable_path/Frameworks",
				);
				PRODUCT_BUNDLE_IDENTIFIER = CodersHigh.GitTest;
				PRODUCT_NAME = "$(TARGET_NAME)";
				SWIFT_VERSION = 5.0;
				TARGETED_DEVICE_FAMILY = "1,2";
			};
			name = Debug;
		};
		9931462725FE152F00A44BDA /* Release */ = {
			isa = XCBuildConfiguration;
			buildSettings = {
				ASSETCATALOG_COMPILER_APPICON_NAME = AppIcon;
				ASSETCATALOG_COMPILER_GLOBAL_ACCENT_COLOR_NAME = AccentColor;
				CODE_SIGN_STYLE = Automatic;
				INFOPLIST_FILE = GitTest/Info.plist;
				LD_RUNPATH_SEARCH_PATHS = (
					"$(inherited)",
					"@executable_path/Frameworks",
				);
				PRODUCT_BUNDLE_IDENTIFIER = CodersHigh.GitTest;
				PRODUCT_NAME = "$(TARGET_NAME)";
				SWIFT_VERSION = 5.0;
				TARGETED_DEVICE_FAMILY = "1,2";
			};
			name = Release;
		};
		9931462925FE152F00A44BDA /* Debug */ = {
			isa = XCBuildConfiguration;
			buildSettings = {
				ALWAYS_EMBED_SWIFT_STANDARD_LIBRARIES = YES;
				BUNDLE_LOADER = "$(TEST_HOST)";
				CODE_SIGN_STYLE = Automatic;
				INFOPLIST_FILE = GitTestTests/Info.plist;
				IPHONEOS_DEPLOYMENT_TARGET = 14.4;
				LD_RUNPATH_SEARCH_PATHS = (
					"$(inherited)",
					"@executable_path/Frameworks",
					"@loader_path/Frameworks",
				);
				PRODUCT_BUNDLE_IDENTIFIER = CodersHigh.GitTestTests;
				PRODUCT_NAME = "$(TARGET_NAME)";
				SWIFT_VERSION = 5.0;
				TARGETED_DEVICE_FAMILY = "1,2";
				TEST_HOST = "$(BUILT_PRODUCTS_DIR)/GitTest.app/GitTest";
			};
			name = Debug;
		};
		9931462A25FE152F00A44BDA /* Release */ = {
			isa = XCBuildConfiguration;
			buildSettings = {
				ALWAYS_EMBED_SWIFT_STANDARD_LIBRARIES = YES;
				BUNDLE_LOADER = "$(TEST_HOST)";
				CODE_SIGN_STYLE = Automatic;
				INFOPLIST_FILE = GitTestTests/Info.plist;
				IPHONEOS_DEPLOYMENT_TARGET = 14.4;
				LD_RUNPATH_SEARCH_PATHS = (
					"$(inherited)",
					"@executable_path/Frameworks",
					"@loader_path/Frameworks",
				);
				PRODUCT_BUNDLE_IDENTIFIER = CodersHigh.GitTestTests;
				PRODUCT_NAME = "$(TARGET_NAME)";
				SWIFT_VERSION = 5.0;
				TARGETED_DEVICE_FAMILY = "1,2";
				TEST_HOST = "$(BUILT_PRODUCTS_DIR)/GitTest.app/GitTest";
			};
			name = Release;
		};
		9931462C25FE152F00A44BDA /* Debug */ = {
			isa = XCBuildConfiguration;
			buildSettings = {
				ALWAYS_EMBED_SWIFT_STANDARD_LIBRARIES = YES;
				CODE_SIGN_STYLE = Automatic;
				INFOPLIST_FILE = GitTestUITests/Info.plist;
				LD_RUNPATH_SEARCH_PATHS = (
					"$(inherited)",
					"@executable_path/Frameworks",
					"@loader_path/Frameworks",
				);
				PRODUCT_BUNDLE_IDENTIFIER = CodersHigh.GitTestUITests;
				PRODUCT_NAME = "$(TARGET_NAME)";
				SWIFT_VERSION = 5.0;
				TARGETED_DEVICE_FAMILY = "1,2";
				TEST_TARGET_NAME = GitTest;
			};
			name = Debug;
		};
		9931462D25FE152F00A44BDA /* Release */ = {
			isa = XCBuildConfiguration;
			buildSettings = {
				ALWAYS_EMBED_SWIFT_STANDARD_LIBRARIES = YES;
				CODE_SIGN_STYLE = Automatic;
				INFOPLIST_FILE = GitTestUITests/Info.plist;
				LD_RUNPATH_SEARCH_PATHS = (
					"$(inherited)",
					"@executable_path/Frameworks",
					"@loader_path/Frameworks",
				);
				PRODUCT_BUNDLE_IDENTIFIER = CodersHigh.GitTestUITests;
				PRODUCT_NAME = "$(TARGET_NAME)";
				SWIFT_VERSION = 5.0;
				TARGETED_DEVICE_FAMILY = "1,2";
				TEST_TARGET_NAME = GitTest;
			};
			name = Release;
		};
/* End XCBuildConfiguration section */

/* Begin XCConfigurationList section */
		993145F625FE152E00A44BDA /* Build configuration list for PBXProject "GitTest" */ = {
			isa = XCConfigurationList;
			buildConfigurations = (
				9931462325FE152F00A44BDA /* Debug */,
				9931462425FE152F00A44BDA /* Release */,
			);
			defaultConfigurationIsVisible = 0;
			defaultConfigurationName = Release;
		};
		9931462525FE152F00A44BDA /* Build configuration list for PBXNativeTarget "GitTest" */ = {
			isa = XCConfigurationList;
			buildConfigurations = (
				9931462625FE152F00A44BDA /* Debug */,
				9931462725FE152F00A44BDA /* Release */,
			);
			defaultConfigurationIsVisible = 0;
			defaultConfigurationName = Release;
		};
		9931462825FE152F00A44BDA /* Build configuration list for PBXNativeTarget "GitTestTests" */ = {
			isa = XCConfigurationList;
			buildConfigurations = (
				9931462925FE152F00A44BDA /* Debug */,
				9931462A25FE152F00A44BDA /* Release */,
			);
			defaultConfigurationIsVisible = 0;
			defaultConfigurationName = Release;
		};
		9931462B25FE152F00A44BDA /* Build configuration list for PBXNativeTarget "GitTestUITests" */ = {
			isa = XCConfigurationList;
			buildConfigurations = (
				9931462C25FE152F00A44BDA /* Debug */,
				9931462D25FE152F00A44BDA /* Release */,
			);
			defaultConfigurationIsVisible = 0;
			defaultConfigurationName = Release;
		};
/* End XCConfigurationList section */
	};
	rootObject = 993145F325FE152E00A44BDA /* Project object */;
}
